
Microsoft Visual Studio Solution File, Format Version 12.00
# Visual Studio 15
VisualStudioVersion = 15.0.27130.2010
MinimumVisualStudioVersion = 10.0.40219.1
Project("{FAE04EC0-301F-11D3-BF4B-00C04F79EFBC}") = "HelloWorld", "HelloWorld\HelloWorld.csproj", "{304AEFB5-69B9-41C1-AF1D-6D7D7F2C7171}"
EndProject
Project("{FAE04EC0-301F-11D3-BF4B-00C04F79EFBC}") = "smartercalculator", "smartercalculator\smartercalculator.csproj", "{578878E5-34A7-44B5-9F30-F82180F4B516}"
EndProject
Project("{FAE04EC0-301F-11D3-BF4B-00C04F79EFBC}") = "BuyList", "BuyList\BuyList.csproj", "{33D186A8-F4A7-4AFC-B2F0-9D0B7F045FC5}"
EndProject
Project("{FAE04EC0-301F-11D3-BF4B-00C04F79EFBC}") = "FizzBuzz", "FizzBuzz\FizzBuzz.csproj", "{8767536F-E379-4373-BF84-4E5D24C8E92E}"
EndProject
Project("{FAE04EC0-301F-11D3-BF4B-00C04F79EFBC}") = "FizzBuzzWPF", "FizzBuzzWPF\FizzBuzzWPF.csproj", "{E01A36FE-0903-41D8-9766-F48B7F04BB4A}"
EndProject
Project("{FAE04EC0-301F-11D3-BF4B-00C04F79EFBC}") = "WordFinder", "WordFinder\WordFinder.csproj", "{12ED2611-745D-4DB1-A0DA-7762688DE683}"
EndProject
Project("{FAE04EC0-301F-11D3-BF4B-00C04F79EFBC}") = "CatDatingSite", "CarDatingSite\CatDatingSite.csproj", "{4EFF495D-23A9-4712-90B9-688BA3B04F0D}"
EndProject
Global
	GlobalSection(SolutionConfigurationPlatforms) = preSolution
		Debug|Any CPU = Debug|Any CPU
		Release|Any CPU = Release|Any CPU
	EndGlobalSection
	GlobalSection(ProjectConfigurationPlatforms) = postSolution
		{304AEFB5-69B9-41C1-AF1D-6D7D7F2C7171}.Debug|Any CPU.ActiveCfg = Debug|Any CPU
		{304AEFB5-69B9-41C1-AF1D-6D7D7F2C7171}.Debug|Any CPU.Build.0 = Debug|Any CPU
		{304AEFB5-69B9-41C1-AF1D-6D7D7F2C7171}.Release|Any CPU.ActiveCfg = Release|Any CPU
		{304AEFB5-69B9-41C1-AF1D-6D7D7F2C7171}.Release|Any CPU.Build.0 = Release|Any CPU
		{578878E5-34A7-44B5-9F30-F82180F4B516}.Debug|Any CPU.ActiveCfg = Debug|Any CPU
		{578878E5-34A7-44B5-9F30-F82180F4B516}.Debug|Any CPU.Build.0 = Debug|Any CPU
		{578878E5-34A7-44B5-9F30-F82180F4B516}.Release|Any CPU.ActiveCfg = Release|Any CPU
		{578878E5-34A7-44B5-9F30-F82180F4B516}.Release|Any CPU.Build.0 = Release|Any CPU
		{33D186A8-F4A7-4AFC-B2F0-9D0B7F045FC5}.Debug|Any CPU.ActiveCfg = Debug|Any CPU
		{33D186A8-F4A7-4AFC-B2F0-9D0B7F045FC5}.Debug|Any CPU.Build.0 = Debug|Any CPU
		{33D186A8-F4A7-4AFC-B2F0-9D0B7F045FC5}.Release|Any CPU.ActiveCfg = Release|Any CPU
		{33D186A8-F4A7-4AFC-B2F0-9D0B7F045FC5}.Release|Any CPU.Build.0 = Release|Any CPU
		{8767536F-E379-4373-BF84-4E5D24C8E92E}.Debug|Any CPU.ActiveCfg = Debug|Any CPU
		{8767536F-E379-4373-BF84-4E5D24C8E92E}.Debug|Any CPU.Build.0 = Debug|Any CPU
		{8767536F-E379-4373-BF84-4E5D24C8E92E}.Release|Any CPU.ActiveCfg = Release|Any CPU
		{8767536F-E379-4373-BF84-4E5D24C8E92E}.Release|Any CPU.Build.0 = Release|Any CPU
		{E01A36FE-0903-41D8-9766-F48B7F04BB4A}.Debug|Any CPU.ActiveCfg = Debug|Any CPU
		{E01A36FE-0903-41D8-9766-F48B7F04BB4A}.Debug|Any CPU.Build.0 = Debug|Any CPU
		{E01A36FE-0903-41D8-9766-F48B7F04BB4A}.Release|Any CPU.ActiveCfg = Release|Any CPU
		{E01A36FE-0903-41D8-9766-F48B7F04BB4A}.Release|Any CPU.Build.0 = Release|Any CPU
		{12ED2611-745D-4DB1-A0DA-7762688DE683}.Debug|Any CPU.ActiveCfg = Debug|Any CPU
		{12ED2611-745D-4DB1-A0DA-7762688DE683}.Debug|Any CPU.Build.0 = Debug|Any CPU
		{12ED2611-745D-4DB1-A0DA-7762688DE683}.Release|Any CPU.ActiveCfg = Release|Any CPU
		{12ED2611-745D-4DB1-A0DA-7762688DE683}.Release|Any CPU.Build.0 = Release|Any CPU
		{4EFF495D-23A9-4712-90B9-688BA3B04F0D}.Debug|Any CPU.ActiveCfg = Debug|Any CPU
		{4EFF495D-23A9-4712-90B9-688BA3B04F0D}.Debug|Any CPU.Build.0 = Debug|Any CPU
		{4EFF495D-23A9-4712-90B9-688BA3B04F0D}.Release|Any CPU.ActiveCfg = Release|Any CPU
		{4EFF495D-23A9-4712-90B9-688BA3B04F0D}.Release|Any CPU.Build.0 = Release|Any CPU
	EndGlobalSection
	GlobalSection(SolutionProperties) = preSolution
		HideSolutionNode = FALSE
	EndGlobalSection
	GlobalSection(ExtensibilityGlobals) = postSolution
		SolutionGuid = {A21A92BD-2053-48A9-A0BD-CEFAC6E8B91B}
	EndGlobalSection
EndGlobal
